// !$*UTF8*$!
{
	archiveVersion = 1;
	classes = {
	};
	objectVersion = 55;
	objects = {

/* Begin PBXBuildFile section */
		A1E8EBE22769C23C001C0CAB /* DetailViewController.swift in Sources */ = {isa = PBXBuildFile; fileRef = A1E8EBE12769C23C001C0CAB /* DetailViewController.swift */; };
		A1F526AF276842DA00865945 /* AppDelegate.swift in Sources */ = {isa = PBXBuildFile; fileRef = A1F526AE276842DA00865945 /* AppDelegate.swift */; };
		A1F526B1276842DA00865945 /* SceneDelegate.swift in Sources */ = {isa = PBXBuildFile; fileRef = A1F526B0276842DA00865945 /* SceneDelegate.swift */; };
		A1F526B6276842DA00865945 /* Main.storyboard in Resources */ = {isa = PBXBuildFile; fileRef = A1F526B4276842DA00865945 /* Main.storyboard */; };
		A1F526B8276842DC00865945 /* Assets.xcassets in Resources */ = {isa = PBXBuildFile; fileRef = A1F526B7276842DC00865945 /* Assets.xcassets */; };
		A1F526BB276842DC00865945 /* LaunchScreen.storyboard in Resources */ = {isa = PBXBuildFile; fileRef = A1F526B9276842DC00865945 /* LaunchScreen.storyboard */; };
		A1F526C6276842DD00865945 /* LootLoggerTests.swift in Sources */ = {isa = PBXBuildFile; fileRef = A1F526C5276842DD00865945 /* LootLoggerTests.swift */; };
		A1F526D0276842DD00865945 /* LootLoggerUITests.swift in Sources */ = {isa = PBXBuildFile; fileRef = A1F526CF276842DD00865945 /* LootLoggerUITests.swift */; };
		A1F526D2276842DD00865945 /* LootLoggerUITestsLaunchTests.swift in Sources */ = {isa = PBXBuildFile; fileRef = A1F526D1276842DD00865945 /* LootLoggerUITestsLaunchTests.swift */; };
		A1F526E02768437600865945 /* ItemsViewController.swift in Sources */ = {isa = PBXBuildFile; fileRef = A1F526DF2768437600865945 /* ItemsViewController.swift */; };
		A1F526E3276846B100865945 /* ItemCell.swift in Sources */ = {isa = PBXBuildFile; fileRef = A1F526E2276846B100865945 /* ItemCell.swift */; };
		A1F526E62768729100865945 /* Item.swift in Sources */ = {isa = PBXBuildFile; fileRef = A1F526E52768729100865945 /* Item.swift */; };
		A1F526E9276878C300865945 /* ItemStore.swift in Sources */ = {isa = PBXBuildFile; fileRef = A1F526E8276878C300865945 /* ItemStore.swift */; };
/* End PBXBuildFile section */

/* Begin PBXContainerItemProxy section */
		A1F526C2276842DD00865945 /* PBXContainerItemProxy */ = {
			isa = PBXContainerItemProxy;
			containerPortal = A1F526A3276842DA00865945 /* Project object */;
			proxyType = 1;
			remoteGlobalIDString = A1F526AA276842DA00865945;
			remoteInfo = LootLogger;
		};
		A1F526CC276842DD00865945 /* PBXContainerItemProxy */ = {
			isa = PBXContainerItemProxy;
			containerPortal = A1F526A3276842DA00865945 /* Project object */;
			proxyType = 1;
			remoteGlobalIDString = A1F526AA276842DA00865945;
			remoteInfo = LootLogger;
		};
/* End PBXContainerItemProxy section */

/* Begin PBXFileReference section */
		A1E8EBE12769C23C001C0CAB /* DetailViewController.swift */ = {isa = PBXFileReference; lastKnownFileType = sourcecode.swift; path = DetailViewController.swift; sourceTree = "<group>"; };
		A1F526AB276842DA00865945 /* LootLogger.app */ = {isa = PBXFileReference; explicitFileType = wrapper.application; includeInIndex = 0; path = LootLogger.app; sourceTree = BUILT_PRODUCTS_DIR; };
		A1F526AE276842DA00865945 /* AppDelegate.swift */ = {isa = PBXFileReference; lastKnownFileType = sourcecode.swift; path = AppDelegate.swift; sourceTree = "<group>"; };
		A1F526B0276842DA00865945 /* SceneDelegate.swift */ = {isa = PBXFileReference; lastKnownFileType = sourcecode.swift; path = SceneDelegate.swift; sourceTree = "<group>"; };
		A1F526B5276842DA00865945 /* Base */ = {isa = PBXFileReference; lastKnownFileType = file.storyboard; name = Base; path = Base.lproj/Main.storyboard; sourceTree = "<group>"; };
		A1F526B7276842DC00865945 /* Assets.xcassets */ = {isa = PBXFileReference; lastKnownFileType = folder.assetcatalog; path = Assets.xcassets; sourceTree = "<group>"; };
		A1F526BA276842DC00865945 /* Base */ = {isa = PBXFileReference; lastKnownFileType = file.storyboard; name = Base; path = Base.lproj/LaunchScreen.storyboard; sourceTree = "<group>"; };
		A1F526BC276842DC00865945 /* Info.plist */ = {isa = PBXFileReference; lastKnownFileType = text.plist.xml; path = Info.plist; sourceTree = "<group>"; };
		A1F526C1276842DD00865945 /* LootLoggerTests.xctest */ = {isa = PBXFileReference; explicitFileType = wrapper.cfbundle; includeInIndex = 0; path = LootLoggerTests.xctest; sourceTree = BUILT_PRODUCTS_DIR; };
		A1F526C5276842DD00865945 /* LootLoggerTests.swift */ = {isa = PBXFileReference; lastKnownFileType = sourcecode.swift; path = LootLoggerTests.swift; sourceTree = "<group>"; };
		A1F526CB276842DD00865945 /* LootLoggerUITests.xctest */ = {isa = PBXFileReference; explicitFileType = wrapper.cfbundle; includeInIndex = 0; path = LootLoggerUITests.xctest; sourceTree = BUILT_PRODUCTS_DIR; };
		A1F526CF276842DD00865945 /* LootLoggerUITests.swift */ = {isa = PBXFileReference; lastKnownFileType = sourcecode.swift; path = LootLoggerUITests.swift; sourceTree = "<group>"; };
		A1F526D1276842DD00865945 /* LootLoggerUITestsLaunchTests.swift */ = {isa = PBXFileReference; lastKnownFileType = sourcecode.swift; path = LootLoggerUITestsLaunchTests.swift; sourceTree = "<group>"; };
		A1F526DF2768437600865945 /* ItemsViewController.swift */ = {isa = PBXFileReference; lastKnownFileType = sourcecode.swift; path = ItemsViewController.swift; sourceTree = "<group>"; };
		A1F526E2276846B100865945 /* ItemCell.swift */ = {isa = PBXFileReference; lastKnownFileType = sourcecode.swift; path = ItemCell.swift; sourceTree = "<group>"; };
		A1F526E52768729100865945 /* Item.swift */ = {isa = PBXFileReference; lastKnownFileType = sourcecode.swift; path = Item.swift; sourceTree = "<group>"; };
		A1F526E8276878C300865945 /* ItemStore.swift */ = {isa = PBXFileReference; lastKnownFileType = sourcecode.swift; path = ItemStore.swift; sourceTree = "<group>"; };
/* End PBXFileReference section */

/* Begin PBXFrameworksBuildPhase section */
		A1F526A8276842DA00865945 /* Frameworks */ = {
			isa = PBXFrameworksBuildPhase;
			buildActionMask = 2147483647;
			files = (
			);
			runOnlyForDeploymentPostprocessing = 0;
		};
		A1F526BE276842DD00865945 /* Frameworks */ = {
			isa = PBXFrameworksBuildPhase;
			buildActionMask = 2147483647;
			files = (
			);
			runOnlyForDeploymentPostprocessing = 0;
		};
		A1F526C8276842DD00865945 /* Frameworks */ = {
			isa = PBXFrameworksBuildPhase;
			buildActionMask = 2147483647;
			files = (
			);
			runOnlyForDeploymentPostprocessing = 0;
		};
/* End PBXFrameworksBuildPhase section */

/* Begin PBXGroup section */
		A1F526A2276842DA00865945 = {
			isa = PBXGroup;
			children = (
				A1F526AD276842DA00865945 /* LootLogger */,
				A1F526C4276842DD00865945 /* LootLoggerTests */,
				A1F526CE276842DD00865945 /* LootLoggerUITests */,
				A1F526AC276842DA00865945 /* Products */,
			);
			sourceTree = "<group>";
		};
		A1F526AC276842DA00865945 /* Products */ = {
			isa = PBXGroup;
			children = (
				A1F526AB276842DA00865945 /* LootLogger.app */,
				A1F526C1276842DD00865945 /* LootLoggerTests.xctest */,
				A1F526CB276842DD00865945 /* LootLoggerUITests.xctest */,
			);
			name = Products;
			sourceTree = "<group>";
		};
		A1F526AD276842DA00865945 /* LootLogger */ = {
			isa = PBXGroup;
			children = (
				A1F526AE276842DA00865945 /* AppDelegate.swift */,
				A1F526B0276842DA00865945 /* SceneDelegate.swift */,
				A1F526E72768789900865945 /* Manager */,
				A1F526E42768728200865945 /* Model */,
				A1F526E12768468900865945 /* View */,
				A1F526DE2768433B00865945 /* Controller */,
				A1F526B4276842DA00865945 /* Main.storyboard */,
				A1F526B7276842DC00865945 /* Assets.xcassets */,
				A1F526B9276842DC00865945 /* LaunchScreen.storyboard */,
				A1F526BC276842DC00865945 /* Info.plist */,
			);
			path = LootLogger;
			sourceTree = "<group>";
		};
		A1F526C4276842DD00865945 /* LootLoggerTests */ = {
			isa = PBXGroup;
			children = (
				A1F526C5276842DD00865945 /* LootLoggerTests.swift */,
			);
			path = LootLoggerTests;
			sourceTree = "<group>";
		};
		A1F526CE276842DD00865945 /* LootLoggerUITests */ = {
			isa = PBXGroup;
			children = (
				A1F526CF276842DD00865945 /* LootLoggerUITests.swift */,
				A1F526D1276842DD00865945 /* LootLoggerUITestsLaunchTests.swift */,
			);
			path = LootLoggerUITests;
			sourceTree = "<group>";
		};
		A1F526DE2768433B00865945 /* Controller */ = {
			isa = PBXGroup;
			children = (
				A1F526DF2768437600865945 /* ItemsViewController.swift */,
				A1E8EBE12769C23C001C0CAB /* DetailViewController.swift */,
			);
			path = Controller;
			sourceTree = "<group>";
		};
		A1F526E12768468900865945 /* View */ = {
			isa = PBXGroup;
			children = (
				A1F526E2276846B100865945 /* ItemCell.swift */,
			);
			path = View;
			sourceTree = "<group>";
		};
		A1F526E42768728200865945 /* Model */ = {
			isa = PBXGroup;
			children = (
				A1F526E52768729100865945 /* Item.swift */,
			);
			path = Model;
			sourceTree = "<group>";
		};
		A1F526E72768789900865945 /* Manager */ = {
			isa = PBXGroup;
			children = (
				A1F526E8276878C300865945 /* ItemStore.swift */,
			);
			path = Manager;
			sourceTree = "<group>";
		};
/* End PBXGroup section */

/* Begin PBXNativeTarget section */
		A1F526AA276842DA00865945 /* LootLogger */ = {
			isa = PBXNativeTarget;
			buildConfigurationList = A1F526D5276842DD00865945 /* Build configuration list for PBXNativeTarget "LootLogger" */;
			buildPhases = (
				A1F526A7276842DA00865945 /* Sources */,
				A1F526A8276842DA00865945 /* Frameworks */,
				A1F526A9276842DA00865945 /* Resources */,
			);
			buildRules = (
			);
			dependencies = (
			);
			name = LootLogger;
			productName = LootLogger;
			productReference = A1F526AB276842DA00865945 /* LootLogger.app */;
			productType = "com.apple.product-type.application";
		};
		A1F526C0276842DD00865945 /* LootLoggerTests */ = {
			isa = PBXNativeTarget;
			buildConfigurationList = A1F526D8276842DD00865945 /* Build configuration list for PBXNativeTarget "LootLoggerTests" */;
			buildPhases = (
				A1F526BD276842DD00865945 /* Sources */,
				A1F526BE276842DD00865945 /* Frameworks */,
				A1F526BF276842DD00865945 /* Resources */,
			);
			buildRules = (
			);
			dependencies = (
				A1F526C3276842DD00865945 /* PBXTargetDependency */,
			);
			name = LootLoggerTests;
			productName = LootLoggerTests;
			productReference = A1F526C1276842DD00865945 /* LootLoggerTests.xctest */;
			productType = "com.apple.product-type.bundle.unit-test";
		};
		A1F526CA276842DD00865945 /* LootLoggerUITests */ = {
			isa = PBXNativeTarget;
			buildConfigurationList = A1F526DB276842DD00865945 /* Build configuration list for PBXNativeTarget "LootLoggerUITests" */;
			buildPhases = (
				A1F526C7276842DD00865945 /* Sources */,
				A1F526C8276842DD00865945 /* Frameworks */,
				A1F526C9276842DD00865945 /* Resources */,
			);
			buildRules = (
			);
			dependencies = (
				A1F526CD276842DD00865945 /* PBXTargetDependency */,
			);
			name = LootLoggerUITests;
			productName = LootLoggerUITests;
			productReference = A1F526CB276842DD00865945 /* LootLoggerUITests.xctest */;
			productType = "com.apple.product-type.bundle.ui-testing";
		};
/* End PBXNativeTarget section */

/* Begin PBXProject section */
		A1F526A3276842DA00865945 /* Project object */ = {
			isa = PBXProject;
			attributes = {
				BuildIndependentTargetsInParallel = 1;
				LastSwiftUpdateCheck = 1310;
				LastUpgradeCheck = 1310;
				TargetAttributes = {
					A1F526AA276842DA00865945 = {
						CreatedOnToolsVersion = 13.1;
					};
					A1F526C0276842DD00865945 = {
						CreatedOnToolsVersion = 13.1;
						TestTargetID = A1F526AA276842DA00865945;
					};
					A1F526CA276842DD00865945 = {
						CreatedOnToolsVersion = 13.1;
						TestTargetID = A1F526AA276842DA00865945;
					};
				};
			};
			buildConfigurationList = A1F526A6276842DA00865945 /* Build configuration list for PBXProject "LootLogger" */;
			compatibilityVersion = "Xcode 13.0";
			developmentRegion = en;
			hasScannedForEncodings = 0;
			knownRegions = (
				en,
				Base,
			);
			mainGroup = A1F526A2276842DA00865945;
			productRefGroup = A1F526AC276842DA00865945 /* Products */;
			projectDirPath = "";
			projectRoot = "";
			targets = (
				A1F526AA276842DA00865945 /* LootLogger */,
				A1F526C0276842DD00865945 /* LootLoggerTests */,
				A1F526CA276842DD00865945 /* LootLoggerUITests */,
			);
		};
/* End PBXProject section */

/* Begin PBXResourcesBuildPhase section */
		A1F526A9276842DA00865945 /* Resources */ = {
			isa = PBXResourcesBuildPhase;
			buildActionMask = 2147483647;
			files = (
				A1F526BB276842DC00865945 /* LaunchScreen.storyboard in Resources */,
				A1F526B8276842DC00865945 /* Assets.xcassets in Resources */,
				A1F526B6276842DA00865945 /* Main.storyboard in Resources */,
			);
			runOnlyForDeploymentPostprocessing = 0;
		};
		A1F526BF276842DD00865945 /* Resources */ = {
			isa = PBXResourcesBuildPhase;
			buildActionMask = 2147483647;
			files = (
			);
			runOnlyForDeploymentPostprocessing = 0;
		};
		A1F526C9276842DD00865945 /* Resources */ = {
			isa = PBXResourcesBuildPhase;
			buildActionMask = 2147483647;
			files = (
			);
			runOnlyForDeploymentPostprocessing = 0;
		};
/* End PBXResourcesBuildPhase section */

/* Begin PBXSourcesBuildPhase section */
		A1F526A7276842DA00865945 /* Sources */ = {
			isa = PBXSourcesBuildPhase;
			buildActionMask = 2147483647;
			files = (
				A1F526E62768729100865945 /* Item.swift in Sources */,
				A1F526E3276846B100865945 /* ItemCell.swift in Sources */,
				A1F526E9276878C300865945 /* ItemStore.swift in Sources */,
				A1F526AF276842DA00865945 /* AppDelegate.swift in Sources */,
				A1F526E02768437600865945 /* ItemsViewController.swift in Sources */,
				A1F526B1276842DA00865945 /* SceneDelegate.swift in Sources */,
				A1E8EBE22769C23C001C0CAB /* DetailViewController.swift in Sources */,
			);
			runOnlyForDeploymentPostprocessing = 0;
		};
		A1F526BD276842DD00865945 /* Sources */ = {
			isa = PBXSourcesBuildPhase;
			buildActionMask = 2147483647;
			files = (
				A1F526C6276842DD00865945 /* LootLoggerTests.swift in Sources */,
			);
			runOnlyForDeploymentPostprocessing = 0;
		};
		A1F526C7276842DD00865945 /* Sources */ = {
			isa = PBXSourcesBuildPhase;
			buildActionMask = 2147483647;
			files = (
				A1F526D2276842DD00865945 /* LootLoggerUITestsLaunchTests.swift in Sources */,
				A1F526D0276842DD00865945 /* LootLoggerUITests.swift in Sources */,
			);
			runOnlyForDeploymentPostprocessing = 0;
		};
/* End PBXSourcesBuildPhase section */

/* Begin PBXTargetDependency section */
		A1F526C3276842DD00865945 /* PBXTargetDependency */ = {
			isa = PBXTargetDependency;
			target = A1F526AA276842DA00865945 /* LootLogger */;
			targetProxy = A1F526C2276842DD00865945 /* PBXContainerItemProxy */;
		};
		A1F526CD276842DD00865945 /* PBXTargetDependency */ = {
			isa = PBXTargetDependency;
			target = A1F526AA276842DA00865945 /* LootLogger */;
			targetProxy = A1F526CC276842DD00865945 /* PBXContainerItemProxy */;
		};
/* End PBXTargetDependency section */

/* Begin PBXVariantGroup section */
		A1F526B4276842DA00865945 /* Main.storyboard */ = {
			isa = PBXVariantGroup;
			children = (
				A1F526B5276842DA00865945 /* Base */,
			);
			name = Main.storyboard;
			sourceTree = "<group>";
		};
		A1F526B9276842DC00865945 /* LaunchScreen.storyboard */ = {
			isa = PBXVariantGroup;
			children = (
				A1F526BA276842DC00865945 /* Base */,
			);
			name = LaunchScreen.storyboard;
			sourceTree = "<group>";
		};
/* End PBXVariantGroup section */

/* Begin XCBuildConfiguration section */
		A1F526D3276842DD00865945 /* Debug */ = {
			isa = XCBuildConfiguration;
			buildSettings = {
				ALWAYS_SEARCH_USER_PATHS = NO;
				CLANG_ANALYZER_NONNULL = YES;
				CLANG_ANALYZER_NUMBER_OBJECT_CONVERSION = YES_AGGRESSIVE;
				CLANG_CXX_LANGUAGE_STANDARD = "gnu++17";
				CLANG_CXX_LIBRARY = "libc++";
				CLANG_ENABLE_MODULES = YES;
				CLANG_ENABLE_OBJC_ARC = YES;
				CLANG_ENABLE_OBJC_WEAK = YES;
				CLANG_WARN_BLOCK_CAPTURE_AUTORELEASING = YES;
				CLANG_WARN_BOOL_CONVERSION = YES;
				CLANG_WARN_COMMA = YES;
				CLANG_WARN_CONSTANT_CONVERSION = YES;
				CLANG_WARN_DEPRECATED_OBJC_IMPLEMENTATIONS = YES;
				CLANG_WARN_DIRECT_OBJC_ISA_USAGE = YES_ERROR;
				CLANG_WARN_DOCUMENTATION_COMMENTS = YES;
				CLANG_WARN_EMPTY_BODY = YES;
				CLANG_WARN_ENUM_CONVERSION = YES;
				CLANG_WARN_INFINITE_RECURSION = YES;
				CLANG_WARN_INT_CONVERSION = YES;
				CLANG_WARN_NON_LITERAL_NULL_CONVERSION = YES;
				CLANG_WARN_OBJC_IMPLICIT_RETAIN_SELF = YES;
				CLANG_WARN_OBJC_LITERAL_CONVERSION = YES;
				CLANG_WARN_OBJC_ROOT_CLASS = YES_ERROR;
				CLANG_WARN_QUOTED_INCLUDE_IN_FRAMEWORK_HEADER = YES;
				CLANG_WARN_RANGE_LOOP_ANALYSIS = YES;
				CLANG_WARN_STRICT_PROTOTYPES = YES;
				CLANG_WARN_SUSPICIOUS_MOVE = YES;
				CLANG_WARN_UNGUARDED_AVAILABILITY = YES_AGGRESSIVE;
				CLANG_WARN_UNREACHABLE_CODE = YES;
				CLANG_WARN__DUPLICATE_METHOD_MATCH = YES;
				COPY_PHASE_STRIP = NO;
				DEBUG_INFORMATION_FORMAT = dwarf;
				ENABLE_STRICT_OBJC_MSGSEND = YES;
				ENABLE_TESTABILITY = YES;
				GCC_C_LANGUAGE_STANDARD = gnu11;
				GCC_DYNAMIC_NO_PIC = NO;
				GCC_NO_COMMON_BLOCKS = YES;
				GCC_OPTIMIZATION_LEVEL = 0;
				GCC_PREPROCESSOR_DEFINITIONS = (
					"DEBUG=1",
					"$(inherited)",
				);
				GCC_WARN_64_TO_32_BIT_CONVERSION = YES;
				GCC_WARN_ABOUT_RETURN_TYPE = YES_ERROR;
				GCC_WARN_UNDECLARED_SELECTOR = YES;
				GCC_WARN_UNINITIALIZED_AUTOS = YES_AGGRESSIVE;
				GCC_WARN_UNUSED_FUNCTION = YES;
				GCC_WARN_UNUSED_VARIABLE = YES;
				IPHONEOS_DEPLOYMENT_TARGET = 13.6;
				MTL_ENABLE_DEBUG_INFO = INCLUDE_SOURCE;
				MTL_FAST_MATH = YES;
				ONLY_ACTIVE_ARCH = YES;
				SDKROOT = iphoneos;
				SWIFT_ACTIVE_COMPILATION_CONDITIONS = DEBUG;
				SWIFT_OPTIMIZATION_LEVEL = "-Onone";
			};
			name = Debug;
		};
		A1F526D4276842DD00865945 /* Release */ = {
			isa = XCBuildConfiguration;
			buildSettings = {
				ALWAYS_SEARCH_USER_PATHS = NO;
				CLANG_ANALYZER_NONNULL = YES;
				CLANG_ANALYZER_NUMBER_OBJECT_CONVERSION = YES_AGGRESSIVE;
				CLANG_CXX_LANGUAGE_STANDARD = "gnu++17";
				CLANG_CXX_LIBRARY = "libc++";
				CLANG_ENABLE_MODULES = YES;
				CLANG_ENABLE_OBJC_ARC = YES;
				CLANG_ENABLE_OBJC_WEAK = YES;
				CLANG_WARN_BLOCK_CAPTURE_AUTORELEASING = YES;
				CLANG_WARN_BOOL_CONVERSION = YES;
				CLANG_WARN_COMMA = YES;
				CLANG_WARN_CONSTANT_CONVERSION = YES;
				CLANG_WARN_DEPRECATED_OBJC_IMPLEMENTATIONS = YES;
				CLANG_WARN_DIRECT_OBJC_ISA_USAGE = YES_ERROR;
				CLANG_WARN_DOCUMENTATION_COMMENTS = YES;
				CLANG_WARN_EMPTY_BODY = YES;
				CLANG_WARN_ENUM_CONVERSION = YES;
				CLANG_WARN_INFINITE_RECURSION = YES;
				CLANG_WARN_INT_CONVERSION = YES;
				CLANG_WARN_NON_LITERAL_NULL_CONVERSION = YES;
				CLANG_WARN_OBJC_IMPLICIT_RETAIN_SELF = YES;
				CLANG_WARN_OBJC_LITERAL_CONVERSION = YES;
				CLANG_WARN_OBJC_ROOT_CLASS = YES_ERROR;
				CLANG_WARN_QUOTED_INCLUDE_IN_FRAMEWORK_HEADER = YES;
				CLANG_WARN_RANGE_LOOP_ANALYSIS = YES;
				CLANG_WARN_STRICT_PROTOTYPES = YES;
				CLANG_WARN_SUSPICIOUS_MOVE = YES;
				CLANG_WARN_UNGUARDED_AVAILABILITY = YES_AGGRESSIVE;
				CLANG_WARN_UNREACHABLE_CODE = YES;
				CLANG_WARN__DUPLICATE_METHOD_MATCH = YES;
				COPY_PHASE_STRIP = NO;
				DEBUG_INFORMATION_FORMAT = "dwarf-with-dsym";
				ENABLE_NS_ASSERTIONS = NO;
				ENABLE_STRICT_OBJC_MSGSEND = YES;
				GCC_C_LANGUAGE_STANDARD = gnu11;
				GCC_NO_COMMON_BLOCKS = YES;
				GCC_WARN_64_TO_32_BIT_CONVERSION = YES;
				GCC_WARN_ABOUT_RETURN_TYPE = YES_ERROR;
				GCC_WARN_UNDECLARED_SELECTOR = YES;
				GCC_WARN_UNINITIALIZED_AUTOS = YES_AGGRESSIVE;
				GCC_WARN_UNUSED_FUNCTION = YES;
				GCC_WARN_UNUSED_VARIABLE = YES;
				IPHONEOS_DEPLOYMENT_TARGET = 13.6;
				MTL_ENABLE_DEBUG_INFO = NO;
				MTL_FAST_MATH = YES;
				SDKROOT = iphoneos;
				SWIFT_COMPILATION_MODE = wholemodule;
				SWIFT_OPTIMIZATION_LEVEL = "-O";
				VALIDATE_PRODUCT = YES;
			};
			name = Release;
		};
		A1F526D6276842DD00865945 /* Debug */ = {
			isa = XCBuildConfiguration;
			buildSettings = {
				ASSETCATALOG_COMPILER_APPICON_NAME = AppIcon;
				ASSETCATALOG_COMPILER_GLOBAL_ACCENT_COLOR_NAME = AccentColor;
				CODE_SIGN_STYLE = Automatic;
				CURRENT_PROJECT_VERSION = 1;
				DEVELOPMENT_TEAM = 3Y4VPZHSVN;
				GENERATE_INFOPLIST_FILE = YES;
				INFOPLIST_FILE = LootLogger/Info.plist;
				INFOPLIST_KEY_NSCameraUsageDescription = "This app uses the camera to associate photos with items.";
				INFOPLIST_KEY_UIApplicationSupportsIndirectInputEvents = YES;
				INFOPLIST_KEY_UILaunchStoryboardName = LaunchScreen;
				INFOPLIST_KEY_UIMainStoryboardFile = Main;
				INFOPLIST_KEY_UISupportedInterfaceOrientations_iPad = "UIInterfaceOrientationPortrait UIInterfaceOrientationPortraitUpsideDown UIInterfaceOrientationLandscapeLeft UIInterfaceOrientationLandscapeRight";
				INFOPLIST_KEY_UISupportedInterfaceOrientations_iPhone = "UIInterfaceOrientationPortrait UIInterfaceOrientationLandscapeLeft UIInterfaceOrientationLandscapeRight";
				IPHONEOS_DEPLOYMENT_TARGET = 13.6;
				LD_RUNPATH_SEARCH_PATHS = (
					"$(inherited)",
					"@executable_path/Frameworks",
				);
				MARKETING_VERSION = 1.0;
				PRODUCT_BUNDLE_IDENTIFIER = com.yaanco.LootLogger;
				PRODUCT_NAME = "$(TARGET_NAME)";
				SWIFT_EMIT_LOC_STRINGS = YES;
				SWIFT_VERSION = 5.0;
				TARGETED_DEVICE_FAMILY = "1,2";
			};
			name = Debug;
		};
		A1F526D7276842DD00865945 /* Release */ = {
			isa = XCBuildConfiguration;
			buildSettings = {
				ASSETCATALOG_COMPILER_APPICON_NAME = AppIcon;
				ASSETCATALOG_COMPILER_GLOBAL_ACCENT_COLOR_NAME = AccentColor;
				CODE_SIGN_STYLE = Automatic;
				CURRENT_PROJECT_VERSION = 1;
				DEVELOPMENT_TEAM = 3Y4VPZHSVN;
				GENERATE_INFOPLIST_FILE = YES;
				INFOPLIST_FILE = LootLogger/Info.plist;
				INFOPLIST_KEY_NSCameraUsageDescription = "This app uses the camera to associate photos with items.";
				INFOPLIST_KEY_UIApplicationSupportsIndirectInputEvents = YES;
				INFOPLIST_KEY_UILaunchStoryboardName = LaunchScreen;
				INFOPLIST_KEY_UIMainStoryboardFile = Main;
				INFOPLIST_KEY_UISupportedInterfaceOrientations_iPad = "UIInterfaceOrientationPortrait UIInterfaceOrientationPortraitUpsideDown UIInterfaceOrientationLandscapeLeft UIInterfaceOrientationLandscapeRight";
				INFOPLIST_KEY_UISupportedInterfaceOrientations_iPhone = "UIInterfaceOrientationPortrait UIInterfaceOrientationLandscapeLeft UIInterfaceOrientationLandscapeRight";
				IPHONEOS_DEPLOYMENT_TARGET = 13.6;
				LD_RUNPATH_SEARCH_PATHS = (
					"$(inherited)",
					"@executable_path/Frameworks",
				);
				MARKETING_VERSION = 1.0;
				PRODUCT_BUNDLE_IDENTIFIER = com.yaanco.LootLogger;
				PRODUCT_NAME = "$(TARGET_NAME)";
				SWIFT_EMIT_LOC_STRINGS = YES;
				SWIFT_VERSION = 5.0;
				TARGETED_DEVICE_FAMILY = "1,2";
			};
			name = Release;
		};
		A1F526D9276842DD00865945 /* Debug */ = {
			isa = XCBuildConfiguration;
			buildSettings = {
				ALWAYS_EMBED_SWIFT_STANDARD_LIBRARIES = YES;
				BUNDLE_LOADER = "$(TEST_HOST)";
				CODE_SIGN_STYLE = Automatic;
				CURRENT_PROJECT_VERSION = 1;
				GENERATE_INFOPLIST_FILE = YES;
				IPHONEOS_DEPLOYMENT_TARGET = 15.0;
				LD_RUNPATH_SEARCH_PATHS = (
					"$(inherited)",
					"@executable_path/Frameworks",
					"@loader_path/Frameworks",
				);
				MARKETING_VERSION = 1.0;
				PRODUCT_BUNDLE_IDENTIFIER = com.yaanco.LootLoggerTests;
				PRODUCT_NAME = "$(TARGET_NAME)";
				SWIFT_EMIT_LOC_STRINGS = NO;
				SWIFT_VERSION = 5.0;
				TARGETED_DEVICE_FAMILY = "1,2";
				TEST_HOST = "$(BUILT_PRODUCTS_DIR)/LootLogger.app/LootLogger";
			};
			name = Debug;
		};
		A1F526DA276842DD00865945 /* Release */ = {
			isa = XCBuildConfiguration;
			buildSettings = {
				ALWAYS_EMBED_SWIFT_STANDARD_LIBRARIES = YES;
				BUNDLE_LOADER = "$(TEST_HOST)";
				CODE_SIGN_STYLE = Automatic;
				CURRENT_PROJECT_VERSION = 1;
				GENERATE_INFOPLIST_FILE = YES;
				IPHONEOS_DEPLOYMENT_TARGET = 15.0;
				LD_RUNPATH_SEARCH_PATHS = (
					"$(inherited)",
					"@executable_path/Frameworks",
					"@loader_path/Frameworks",
				);
				MARKETING_VERSION = 1.0;
				PRODUCT_BUNDLE_IDENTIFIER = com.yaanco.LootLoggerTests;
				PRODUCT_NAME = "$(TARGET_NAME)";
				SWIFT_EMIT_LOC_STRINGS = NO;
				SWIFT_VERSION = 5.0;
				TARGETED_DEVICE_FAMILY = "1,2";
				TEST_HOST = "$(BUILT_PRODUCTS_DIR)/LootLogger.app/LootLogger";
			};
			name = Release;
		};
		A1F526DC276842DD00865945 /* Debug */ = {
			isa = XCBuildConfiguration;
			buildSettings = {
				ALWAYS_EMBED_SWIFT_STANDARD_LIBRARIES = YES;
				CODE_SIGN_STYLE = Automatic;
				CURRENT_PROJECT_VERSION = 1;
				GENERATE_INFOPLIST_FILE = YES;
				LD_RUNPATH_SEARCH_PATHS = (
					"$(inherited)",
					"@executable_path/Frameworks",
					"@loader_path/Frameworks",
				);
				MARKETING_VERSION = 1.0;
				PRODUCT_BUNDLE_IDENTIFIER = com.yaanco.LootLoggerUITests;
				PRODUCT_NAME = "$(TARGET_NAME)";
				SWIFT_EMIT_LOC_STRINGS = NO;
				SWIFT_VERSION = 5.0;
				TARGETED_DEVICE_FAMILY = "1,2";
				TEST_TARGET_NAME = LootLogger;
			};
			name = Debug;
		};
		A1F526DD276842DD00865945 /* Release */ = {
			isa = XCBuildConfiguration;
			buildSettings = {
				ALWAYS_EMBED_SWIFT_STANDARD_LIBRARIES = YES;
				CODE_SIGN_STYLE = Automatic;
				CURRENT_PROJECT_VERSION = 1;
				GENERATE_INFOPLIST_FILE = YES;
				LD_RUNPATH_SEARCH_PATHS = (
					"$(inherited)",
					"@executable_path/Frameworks",
					"@loader_path/Frameworks",
				);
				MARKETING_VERSION = 1.0;
				PRODUCT_BUNDLE_IDENTIFIER = com.yaanco.LootLoggerUITests;
				PRODUCT_NAME = "$(TARGET_NAME)";
				SWIFT_EMIT_LOC_STRINGS = NO;
				SWIFT_VERSION = 5.0;
				TARGETED_DEVICE_FAMILY = "1,2";
				TEST_TARGET_NAME = LootLogger;
			};
			name = Release;
		};
/* End XCBuildConfiguration section */

/* Begin XCConfigurationList section */
		A1F526A6276842DA00865945 /* Build configuration list for PBXProject "LootLogger" */ = {
			isa = XCConfigurationList;
			buildConfigurations = (
				A1F526D3276842DD00865945 /* Debug */,
				A1F526D4276842DD00865945 /* Release */,
			);
			defaultConfigurationIsVisible = 0;
			defaultConfigurationName = Release;
		};
		A1F526D5276842DD00865945 /* Build configuration list for PBXNativeTarget "LootLogger" */ = {
			isa = XCConfigurationList;
			buildConfigurations = (
				A1F526D6276842DD00865945 /* Debug */,
				A1F526D7276842DD00865945 /* Release */,
			);
			defaultConfigurationIsVisible = 0;
			defaultConfigurationName = Release;
		};
		A1F526D8276842DD00865945 /* Build configuration list for PBXNativeTarget "LootLoggerTests" */ = {
			isa = XCConfigurationList;
			buildConfigurations = (
				A1F526D9276842DD00865945 /* Debug */,
				A1F526DA276842DD00865945 /* Release */,
			);
			defaultConfigurationIsVisible = 0;
			defaultConfigurationName = Release;
		};
		A1F526DB276842DD00865945 /* Build configuration list for PBXNativeTarget "LootLoggerUITests" */ = {
			isa = XCConfigurationList;
			buildConfigurations = (
				A1F526DC276842DD00865945 /* Debug */,
				A1F526DD276842DD00865945 /* Release */,
			);
			defaultConfigurationIsVisible = 0;
			defaultConfigurationName = Release;
		};
/* End XCConfigurationList section */
	};
	rootObject = A1F526A3276842DA00865945 /* Project object */;
}
